
Microsoft Visual Studio Solution File, Format Version 12.00
# Visual Studio Version 16
VisualStudioVersion = 16.0.29519.181
MinimumVisualStudioVersion = 10.0.40219.1
Project("{FAE04EC0-301F-11D3-BF4B-00C04F79EFBC}") = "job offers", "job offers\job offers.csproj", "{19EC2A6A-FC21-4ADC-9DBB-F90A2A8F6812}"
EndProject
Global
	GlobalSection(SolutionConfigurationPlatforms) = preSolution
		Debug|Any CPU = Debug|Any CPU
		Release|Any CPU = Release|Any CPU
	EndGlobalSection
	GlobalSection(ProjectConfigurationPlatforms) = postSolution
		{19EC2A6A-FC21-4ADC-9DBB-F90A2A8F6812}.Debug|Any CPU.ActiveCfg = Debug|Any CPU
		{19EC2A6A-FC21-4ADC-9DBB-F90A2A8F6812}.Debug|Any CPU.Build.0 = Debug|Any CPU
		{19EC2A6A-FC21-4ADC-9DBB-F90A2A8F6812}.Release|Any CPU.ActiveCfg = Release|Any CPU
		{19EC2A6A-FC21-4ADC-9DBB-F90A2A8F6812}.Release|Any CPU.Build.0 = Release|Any CPU
	EndGlobalSection
	GlobalSection(SolutionProperties) = preSolution
		HideSolutionNode = FALSE
	EndGlobalSection
	GlobalSection(ExtensibilityGlobals) = postSolution
		SolutionGuid = {291C1E30-688F-4F02-B2B1-C3FBB7E5E71E}
	EndGlobalSection
EndGlobal
